
Microsoft Visual Studio Solution File, Format Version 12.00
# Visual Studio Version 17
VisualStudioVersion = 17.0.31903.59
MinimumVisualStudioVersion = 10.0.40219.1
Project("{2150E333-8FDC-42A3-9474-1A3956D46DE8}") = "src", "src", "{827E0CD3-B72D-47B6-A68D-7590B98EB39B}"
EndProject
Project("{FAE04EC0-301F-11D3-BF4B-00C04F79EFBC}") = "Ft8Client.App", "src\Ft8Client.App\Ft8Client.App.csproj", "{27EFD619-B00B-48AD-B8B4-8E314799F190}"
EndProject
Project("{FAE04EC0-301F-11D3-BF4B-00C04F79EFBC}") = "Ft8Client.Core", "src\Ft8Client.Core\Ft8Client.Core.csproj", "{8309B1C0-24A4-4515-A8C4-633A4C34322D}"
EndProject
Project("{FAE04EC0-301F-11D3-BF4B-00C04F79EFBC}") = "Ft8Client.Audio", "src\Ft8Client.Audio\Ft8Client.Audio.csproj", "{A580F020-8543-4063-8E3A-180FC8C27705}"
EndProject
Project("{FAE04EC0-301F-11D3-BF4B-00C04F79EFBC}") = "Ft8Client.Decoding", "src\Ft8Client.Decoding\Ft8Client.Decoding.csproj", "{3CBE3BFB-84A5-4A2F-BB74-B183EBE76D45}"
EndProject
Project("{FAE04EC0-301F-11D3-BF4B-00C04F79EFBC}") = "Ft8Client.Rig", "src\Ft8Client.Rig\Ft8Client.Rig.csproj", "{194B60C4-B351-4303-8A5B-EDD26F8394D9}"
EndProject
Project("{FAE04EC0-301F-11D3-BF4B-00C04F79EFBC}") = "Ft8Client.Data", "src\Ft8Client.Data\Ft8Client.Data.csproj", "{F1A5ED81-51FE-4EA4-BE36-A4653DA6D4BD}"
EndProject
Project("{FAE04EC0-301F-11D3-BF4B-00C04F79EFBC}") = "Ft8Client.Integrations", "src\Ft8Client.Integrations\Ft8Client.Integrations.csproj", "{BABD672A-F7D4-48E0-B5C7-50AA2CD3CE13}"
EndProject
Project("{2150E333-8FDC-42A3-9474-1A3956D46DE8}") = "tools", "tools", "{07C2787E-EAC7-C090-1BA3-A61EC2A24D84}"
EndProject
Project("{FAE04EC0-301F-11D3-BF4B-00C04F79EFBC}") = "Ft8Client.DecodeCli", "tools\Ft8Client.DecodeCli\Ft8Client.DecodeCli.csproj", "{6B747227-3A3C-4F4D-BFD6-E6A15788B2DB}"
EndProject
Project("{2150E333-8FDC-42A3-9474-1A3956D46DE8}") = "tests", "tests", "{0AB3BF05-4346-4AA6-1389-037BE0695223}"
EndProject
Project("{FAE04EC0-301F-11D3-BF4B-00C04F79EFBC}") = "Ft8Client.App.Tests", "tests\Ft8Client.App.Tests\Ft8Client.App.Tests.csproj", "{85D65CFF-5561-4424-8CCC-5D1EAD57E03D}"
EndProject
Project("{FAE04EC0-301F-11D3-BF4B-00C04F79EFBC}") = "Ft8Client.Audio.Tests", "tests\Ft8Client.Audio.Tests\Ft8Client.Audio.Tests.csproj", "{36973E20-A25F-46EE-B59B-478F4499495F}"
EndProject
Project("{FAE04EC0-301F-11D3-BF4B-00C04F79EFBC}") = "Ft8Client.Core.Tests", "tests\Ft8Client.Core.Tests\Ft8Client.Core.Tests.csproj", "{FECBB4C7-D1CD-433B-961C-3FBE292DE7D4}"
EndProject
Project("{FAE04EC0-301F-11D3-BF4B-00C04F79EFBC}") = "Ft8Client.Data.Tests", "tests\Ft8Client.Data.Tests\Ft8Client.Data.Tests.csproj", "{F4F32E04-DF73-482E-AF40-2028306256E0}"
EndProject
Project("{FAE04EC0-301F-11D3-BF4B-00C04F79EFBC}") = "Ft8Client.Decoding.Tests", "tests\Ft8Client.Decoding.Tests\Ft8Client.Decoding.Tests.csproj", "{010C0366-ABC8-43D0-A452-187922F31181}"
EndProject
Project("{FAE04EC0-301F-11D3-BF4B-00C04F79EFBC}") = "Ft8Client.Integrations.Tests", "tests\Ft8Client.Integrations.Tests\Ft8Client.Integrations.Tests.csproj", "{04FFF5AD-3C11-4275-9E25-F60BEFDA45E6}"
EndProject
Project("{FAE04EC0-301F-11D3-BF4B-00C04F79EFBC}") = "Ft8Client.Rig.Tests", "tests\Ft8Client.Rig.Tests\Ft8Client.Rig.Tests.csproj", "{07DCA3E6-1E3F-466A-B730-E1B6082B745D}"
EndProject
Global
	GlobalSection(SolutionConfigurationPlatforms) = preSolution
		Debug|Any CPU = Debug|Any CPU
		Debug|x64 = Debug|x64
		Debug|x86 = Debug|x86
		Release|Any CPU = Release|Any CPU
		Release|x64 = Release|x64
		Release|x86 = Release|x86
	EndGlobalSection
	GlobalSection(ProjectConfigurationPlatforms) = postSolution
		{27EFD619-B00B-48AD-B8B4-8E314799F190}.Debug|Any CPU.ActiveCfg = Debug|Any CPU
		{27EFD619-B00B-48AD-B8B4-8E314799F190}.Debug|Any CPU.Build.0 = Debug|Any CPU
		{27EFD619-B00B-48AD-B8B4-8E314799F190}.Debug|x64.ActiveCfg = Debug|Any CPU
		{27EFD619-B00B-48AD-B8B4-8E314799F190}.Debug|x64.Build.0 = Debug|Any CPU
		{27EFD619-B00B-48AD-B8B4-8E314799F190}.Debug|x86.ActiveCfg = Debug|Any CPU
		{27EFD619-B00B-48AD-B8B4-8E314799F190}.Debug|x86.Build.0 = Debug|Any CPU
		{27EFD619-B00B-48AD-B8B4-8E314799F190}.Release|Any CPU.ActiveCfg = Release|Any CPU
		{27EFD619-B00B-48AD-B8B4-8E314799F190}.Release|Any CPU.Build.0 = Release|Any CPU
		{27EFD619-B00B-48AD-B8B4-8E314799F190}.Release|x64.ActiveCfg = Release|Any CPU
		{27EFD619-B00B-48AD-B8B4-8E314799F190}.Release|x64.Build.0 = Release|Any CPU
		{27EFD619-B00B-48AD-B8B4-8E314799F190}.Release|x86.ActiveCfg = Release|Any CPU
		{27EFD619-B00B-48AD-B8B4-8E314799F190}.Release|x86.Build.0 = Release|Any CPU
		{8309B1C0-24A4-4515-A8C4-633A4C34322D}.Debug|Any CPU.ActiveCfg = Debug|Any CPU
		{8309B1C0-24A4-4515-A8C4-633A4C34322D}.Debug|Any CPU.Build.0 = Debug|Any CPU
		{8309B1C0-24A4-4515-A8C4-633A4C34322D}.Debug|x64.ActiveCfg = Debug|Any CPU
		{8309B1C0-24A4-4515-A8C4-633A4C34322D}.Debug|x64.Build.0 = Debug|Any CPU
		{8309B1C0-24A4-4515-A8C4-633A4C34322D}.Debug|x86.ActiveCfg = Debug|Any CPU
		{8309B1C0-24A4-4515-A8C4-633A4C34322D}.Debug|x86.Build.0 = Debug|Any CPU
		{8309B1C0-24A4-4515-A8C4-633A4C34322D}.Release|Any CPU.ActiveCfg = Release|Any CPU
		{8309B1C0-24A4-4515-A8C4-633A4C34322D}.Release|Any CPU.Build.0 = Release|Any CPU
		{8309B1C0-24A4-4515-A8C4-633A4C34322D}.Release|x64.ActiveCfg = Release|Any CPU
		{8309B1C0-24A4-4515-A8C4-633A4C34322D}.Release|x64.Build.0 = Release|Any CPU
		{8309B1C0-24A4-4515-A8C4-633A4C34322D}.Release|x86.ActiveCfg = Release|Any CPU
		{8309B1C0-24A4-4515-A8C4-633A4C34322D}.Release|x86.Build.0 = Release|Any CPU
		{A580F020-8543-4063-8E3A-180FC8C27705}.Debug|Any CPU.ActiveCfg = Debug|Any CPU
		{A580F020-8543-4063-8E3A-180FC8C27705}.Debug|Any CPU.Build.0 = Debug|Any CPU
		{A580F020-8543-4063-8E3A-180FC8C27705}.Debug|x64.ActiveCfg = Debug|Any CPU
		{A580F020-8543-4063-8E3A-180FC8C27705}.Debug|x64.Build.0 = Debug|Any CPU
		{A580F020-8543-4063-8E3A-180FC8C27705}.Debug|x86.ActiveCfg = Debug|Any CPU
		{A580F020-8543-4063-8E3A-180FC8C27705}.Debug|x86.Build.0 = Debug|Any CPU
		{A580F020-8543-4063-8E3A-180FC8C27705}.Release|Any CPU.ActiveCfg = Release|Any CPU
		{A580F020-8543-4063-8E3A-180FC8C27705}.Release|Any CPU.Build.0 = Release|Any CPU
		{A580F020-8543-4063-8E3A-180FC8C27705}.Release|x64.ActiveCfg = Release|Any CPU
		{A580F020-8543-4063-8E3A-180FC8C27705}.Release|x64.Build.0 = Release|Any CPU
		{A580F020-8543-4063-8E3A-180FC8C27705}.Release|x86.ActiveCfg = Release|Any CPU
		{A580F020-8543-4063-8E3A-180FC8C27705}.Release|x86.Build.0 = Release|Any CPU
		{3CBE3BFB-84A5-4A2F-BB74-B183EBE76D45}.Debug|Any CPU.ActiveCfg = Debug|Any CPU
		{3CBE3BFB-84A5-4A2F-BB74-B183EBE76D45}.Debug|Any CPU.Build.0 = Debug|Any CPU
		{3CBE3BFB-84A5-4A2F-BB74-B183EBE76D45}.Debug|x64.ActiveCfg = Debug|Any CPU
		{3CBE3BFB-84A5-4A2F-BB74-B183EBE76D45}.Debug|x64.Build.0 = Debug|Any CPU
		{3CBE3BFB-84A5-4A2F-BB74-B183EBE76D45}.Debug|x86.ActiveCfg = Debug|Any CPU
		{3CBE3BFB-84A5-4A2F-BB74-B183EBE76D45}.Debug|x86.Build.0 = Debug|Any CPU
		{3CBE3BFB-84A5-4A2F-BB74-B183EBE76D45}.Release|Any CPU.ActiveCfg = Release|Any CPU
		{3CBE3BFB-84A5-4A2F-BB74-B183EBE76D45}.Release|Any CPU.Build.0 = Release|Any CPU
		{3CBE3BFB-84A5-4A2F-BB74-B183EBE76D45}.Release|x64.ActiveCfg = Release|Any CPU
		{3CBE3BFB-84A5-4A2F-BB74-B183EBE76D45}.Release|x64.Build.0 = Release|Any CPU
		{3CBE3BFB-84A5-4A2F-BB74-B183EBE76D45}.Release|x86.ActiveCfg = Release|Any CPU
		{3CBE3BFB-84A5-4A2F-BB74-B183EBE76D45}.Release|x86.Build.0 = Release|Any CPU
		{194B60C4-B351-4303-8A5B-EDD26F8394D9}.Debug|Any CPU.ActiveCfg = Debug|Any CPU
		{194B60C4-B351-4303-8A5B-EDD26F8394D9}.Debug|Any CPU.Build.0 = Debug|Any CPU
		{194B60C4-B351-4303-8A5B-EDD26F8394D9}.Debug|x64.ActiveCfg = Debug|Any CPU
		{194B60C4-B351-4303-8A5B-EDD26F8394D9}.Debug|x64.Build.0 = Debug|Any CPU
		{194B60C4-B351-4303-8A5B-EDD26F8394D9}.Debug|x86.ActiveCfg = Debug|Any CPU
		{194B60C4-B351-4303-8A5B-EDD26F8394D9}.Debug|x86.Build.0 = Debug|Any CPU
		{194B60C4-B351-4303-8A5B-EDD26F8394D9}.Release|Any CPU.ActiveCfg = Release|Any CPU
		{194B60C4-B351-4303-8A5B-EDD26F8394D9}.Release|Any CPU.Build.0 = Release|Any CPU
		{194B60C4-B351-4303-8A5B-EDD26F8394D9}.Release|x64.ActiveCfg = Release|Any CPU
		{194B60C4-B351-4303-8A5B-EDD26F8394D9}.Release|x64.Build.0 = Release|Any CPU
		{194B60C4-B351-4303-8A5B-EDD26F8394D9}.Release|x86.ActiveCfg = Release|Any CPU
		{194B60C4-B351-4303-8A5B-EDD26F8394D9}.Release|x86.Build.0 = Release|Any CPU
		{F1A5ED81-51FE-4EA4-BE36-A4653DA6D4BD}.Debug|Any CPU.ActiveCfg = Debug|Any CPU
		{F1A5ED81-51FE-4EA4-BE36-A4653DA6D4BD}.Debug|Any CPU.Build.0 = Debug|Any CPU
		{F1A5ED81-51FE-4EA4-BE36-A4653DA6D4BD}.Debug|x64.ActiveCfg = Debug|Any CPU
		{F1A5ED81-51FE-4EA4-BE36-A4653DA6D4BD}.Debug|x64.Build.0 = Debug|Any CPU
		{F1A5ED81-51FE-4EA4-BE36-A4653DA6D4BD}.Debug|x86.ActiveCfg = Debug|Any CPU
		{F1A5ED81-51FE-4EA4-BE36-A4653DA6D4BD}.Debug|x86.Build.0 = Debug|Any CPU
		{F1A5ED81-51FE-4EA4-BE36-A4653DA6D4BD}.Release|Any CPU.ActiveCfg = Release|Any CPU
		{F1A5ED81-51FE-4EA4-BE36-A4653DA6D4BD}.Release|Any CPU.Build.0 = Release|Any CPU
		{F1A5ED81-51FE-4EA4-BE36-A4653DA6D4BD}.Release|x64.ActiveCfg = Release|Any CPU
		{F1A5ED81-51FE-4EA4-BE36-A4653DA6D4BD}.Release|x64.Build.0 = Release|Any CPU
		{F1A5ED81-51FE-4EA4-BE36-A4653DA6D4BD}.Release|x86.ActiveCfg = Release|Any CPU
		{F1A5ED81-51FE-4EA4-BE36-A4653DA6D4BD}.Release|x86.Build.0 = Release|Any CPU
		{BABD672A-F7D4-48E0-B5C7-50AA2CD3CE13}.Debug|Any CPU.ActiveCfg = Debug|Any CPU
		{BABD672A-F7D4-48E0-B5C7-50AA2CD3CE13}.Debug|Any CPU.Build.0 = Debug|Any CPU
		{BABD672A-F7D4-48E0-B5C7-50AA2CD3CE13}.Debug|x64.ActiveCfg = Debug|Any CPU
		{BABD672A-F7D4-48E0-B5C7-50AA2CD3CE13}.Debug|x64.Build.0 = Debug|Any CPU
		{BABD672A-F7D4-48E0-B5C7-50AA2CD3CE13}.Debug|x86.ActiveCfg = Debug|Any CPU
		{BABD672A-F7D4-48E0-B5C7-50AA2CD3CE13}.Debug|x86.Build.0 = Debug|Any CPU
		{BABD672A-F7D4-48E0-B5C7-50AA2CD3CE13}.Release|Any CPU.ActiveCfg = Release|Any CPU
		{BABD672A-F7D4-48E0-B5C7-50AA2CD3CE13}.Release|Any CPU.Build.0 = Release|Any CPU
		{BABD672A-F7D4-48E0-B5C7-50AA2CD3CE13}.Release|x64.ActiveCfg = Release|Any CPU
		{BABD672A-F7D4-48E0-B5C7-50AA2CD3CE13}.Release|x64.Build.0 = Release|Any CPU
		{BABD672A-F7D4-48E0-B5C7-50AA2CD3CE13}.Release|x86.ActiveCfg = Release|Any CPU
		{BABD672A-F7D4-48E0-B5C7-50AA2CD3CE13}.Release|x86.Build.0 = Release|Any CPU
		{6B747227-3A3C-4F4D-BFD6-E6A15788B2DB}.Debug|Any CPU.ActiveCfg = Debug|Any CPU
		{6B747227-3A3C-4F4D-BFD6-E6A15788B2DB}.Debug|Any CPU.Build.0 = Debug|Any CPU
		{6B747227-3A3C-4F4D-BFD6-E6A15788B2DB}.Debug|x64.ActiveCfg = Debug|Any CPU
		{6B747227-3A3C-4F4D-BFD6-E6A15788B2DB}.Debug|x64.Build.0 = Debug|Any CPU
		{6B747227-3A3C-4F4D-BFD6-E6A15788B2DB}.Debug|x86.ActiveCfg = Debug|Any CPU
		{6B747227-3A3C-4F4D-BFD6-E6A15788B2DB}.Debug|x86.Build.0 = Debug|Any CPU
		{6B747227-3A3C-4F4D-BFD6-E6A15788B2DB}.Release|Any CPU.ActiveCfg = Release|Any CPU
		{6B747227-3A3C-4F4D-BFD6-E6A15788B2DB}.Release|Any CPU.Build.0 = Release|Any CPU
		{6B747227-3A3C-4F4D-BFD6-E6A15788B2DB}.Release|x64.ActiveCfg = Release|Any CPU
		{6B747227-3A3C-4F4D-BFD6-E6A15788B2DB}.Release|x64.Build.0 = Release|Any CPU
		{6B747227-3A3C-4F4D-BFD6-E6A15788B2DB}.Release|x86.ActiveCfg = Release|Any CPU
		{6B747227-3A3C-4F4D-BFD6-E6A15788B2DB}.Release|x86.Build.0 = Release|Any CPU
		{85D65CFF-5561-4424-8CCC-5D1EAD57E03D}.Debug|Any CPU.ActiveCfg = Debug|Any CPU
		{85D65CFF-5561-4424-8CCC-5D1EAD57E03D}.Debug|Any CPU.Build.0 = Debug|Any CPU
		{85D65CFF-5561-4424-8CCC-5D1EAD57E03D}.Debug|x64.ActiveCfg = Debug|Any CPU
		{85D65CFF-5561-4424-8CCC-5D1EAD57E03D}.Debug|x64.Build.0 = Debug|Any CPU
		{85D65CFF-5561-4424-8CCC-5D1EAD57E03D}.Debug|x86.ActiveCfg = Debug|Any CPU
		{85D65CFF-5561-4424-8CCC-5D1EAD57E03D}.Debug|x86.Build.0 = Debug|Any CPU
		{85D65CFF-5561-4424-8CCC-5D1EAD57E03D}.Release|Any CPU.ActiveCfg = Release|Any CPU
		{85D65CFF-5561-4424-8CCC-5D1EAD57E03D}.Release|Any CPU.Build.0 = Release|Any CPU
		{85D65CFF-5561-4424-8CCC-5D1EAD57E03D}.Release|x64.ActiveCfg = Release|Any CPU
		{85D65CFF-5561-4424-8CCC-5D1EAD57E03D}.Release|x64.Build.0 = Release|Any CPU
		{85D65CFF-5561-4424-8CCC-5D1EAD57E03D}.Release|x86.ActiveCfg = Release|Any CPU
		{85D65CFF-5561-4424-8CCC-5D1EAD57E03D}.Release|x86.Build.0 = Release|Any CPU
		{36973E20-A25F-46EE-B59B-478F4499495F}.Debug|Any CPU.ActiveCfg = Debug|Any CPU
		{36973E20-A25F-46EE-B59B-478F4499495F}.Debug|Any CPU.Build.0 = Debug|Any CPU
		{36973E20-A25F-46EE-B59B-478F4499495F}.Debug|x64.ActiveCfg = Debug|Any CPU
		{36973E20-A25F-46EE-B59B-478F4499495F}.Debug|x64.Build.0 = Debug|Any CPU
		{36973E20-A25F-46EE-B59B-478F4499495F}.Debug|x86.ActiveCfg = Debug|Any CPU
		{36973E20-A25F-46EE-B59B-478F4499495F}.Debug|x86.Build.0 = Debug|Any CPU
		{36973E20-A25F-46EE-B59B-478F4499495F}.Release|Any CPU.ActiveCfg = Release|Any CPU
		{36973E20-A25F-46EE-B59B-478F4499495F}.Release|Any CPU.Build.0 = Release|Any CPU
		{36973E20-A25F-46EE-B59B-478F4499495F}.Release|x64.ActiveCfg = Release|Any CPU
		{36973E20-A25F-46EE-B59B-478F4499495F}.Release|x64.Build.0 = Release|Any CPU
		{36973E20-A25F-46EE-B59B-478F4499495F}.Release|x86.ActiveCfg = Release|Any CPU
		{36973E20-A25F-46EE-B59B-478F4499495F}.Release|x86.Build.0 = Release|Any CPU
		{FECBB4C7-D1CD-433B-961C-3FBE292DE7D4}.Debug|Any CPU.ActiveCfg = Debug|Any CPU
		{FECBB4C7-D1CD-433B-961C-3FBE292DE7D4}.Debug|Any CPU.Build.0 = Debug|Any CPU
		{FECBB4C7-D1CD-433B-961C-3FBE292DE7D4}.Debug|x64.ActiveCfg = Debug|Any CPU
		{FECBB4C7-D1CD-433B-961C-3FBE292DE7D4}.Debug|x64.Build.0 = Debug|Any CPU
		{FECBB4C7-D1CD-433B-961C-3FBE292DE7D4}.Debug|x86.ActiveCfg = Debug|Any CPU
		{FECBB4C7-D1CD-433B-961C-3FBE292DE7D4}.Debug|x86.Build.0 = Debug|Any CPU
		{FECBB4C7-D1CD-433B-961C-3FBE292DE7D4}.Release|Any CPU.ActiveCfg = Release|Any CPU
		{FECBB4C7-D1CD-433B-961C-3FBE292DE7D4}.Release|Any CPU.Build.0 = Release|Any CPU
		{FECBB4C7-D1CD-433B-961C-3FBE292DE7D4}.Release|x64.ActiveCfg = Release|Any CPU
		{FECBB4C7-D1CD-433B-961C-3FBE292DE7D4}.Release|x64.Build.0 = Release|Any CPU
		{FECBB4C7-D1CD-433B-961C-3FBE292DE7D4}.Release|x86.ActiveCfg = Release|Any CPU
		{FECBB4C7-D1CD-433B-961C-3FBE292DE7D4}.Release|x86.Build.0 = Release|Any CPU
		{F4F32E04-DF73-482E-AF40-2028306256E0}.Debug|Any CPU.ActiveCfg = Debug|Any CPU
		{F4F32E04-DF73-482E-AF40-2028306256E0}.Debug|Any CPU.Build.0 = Debug|Any CPU
		{F4F32E04-DF73-482E-AF40-2028306256E0}.Debug|x64.ActiveCfg = Debug|Any CPU
		{F4F32E04-DF73-482E-AF40-2028306256E0}.Debug|x64.Build.0 = Debug|Any CPU
		{F4F32E04-DF73-482E-AF40-2028306256E0}.Debug|x86.ActiveCfg = Debug|Any CPU
		{F4F32E04-DF73-482E-AF40-2028306256E0}.Debug|x86.Build.0 = Debug|Any CPU
		{F4F32E04-DF73-482E-AF40-2028306256E0}.Release|Any CPU.ActiveCfg = Release|Any CPU
		{F4F32E04-DF73-482E-AF40-2028306256E0}.Release|Any CPU.Build.0 = Release|Any CPU
		{F4F32E04-DF73-482E-AF40-2028306256E0}.Release|x64.ActiveCfg = Release|Any CPU
		{F4F32E04-DF73-482E-AF40-2028306256E0}.Release|x64.Build.0 = Release|Any CPU
		{F4F32E04-DF73-482E-AF40-2028306256E0}.Release|x86.ActiveCfg = Release|Any CPU
		{F4F32E04-DF73-482E-AF40-2028306256E0}.Release|x86.Build.0 = Release|Any CPU
		{010C0366-ABC8-43D0-A452-187922F31181}.Debug|Any CPU.ActiveCfg = Debug|Any CPU
		{010C0366-ABC8-43D0-A452-187922F31181}.Debug|Any CPU.Build.0 = Debug|Any CPU
		{010C0366-ABC8-43D0-A452-187922F31181}.Debug|x64.ActiveCfg = Debug|Any CPU
		{010C0366-ABC8-43D0-A452-187922F31181}.Debug|x64.Build.0 = Debug|Any CPU
		{010C0366-ABC8-43D0-A452-187922F31181}.Debug|x86.ActiveCfg = Debug|Any CPU
		{010C0366-ABC8-43D0-A452-187922F31181}.Debug|x86.Build.0 = Debug|Any CPU
		{010C0366-ABC8-43D0-A452-187922F31181}.Release|Any CPU.ActiveCfg = Release|Any CPU
		{010C0366-ABC8-43D0-A452-187922F31181}.Release|Any CPU.Build.0 = Release|Any CPU
		{010C0366-ABC8-43D0-A452-187922F31181}.Release|x64.ActiveCfg = Release|Any CPU
		{010C0366-ABC8-43D0-A452-187922F31181}.Release|x64.Build.0 = Release|Any CPU
		{010C0366-ABC8-43D0-A452-187922F31181}.Release|x86.ActiveCfg = Release|Any CPU
		{010C0366-ABC8-43D0-A452-187922F31181}.Release|x86.Build.0 = Release|Any CPU
		{04FFF5AD-3C11-4275-9E25-F60BEFDA45E6}.Debug|Any CPU.ActiveCfg = Debug|Any CPU
		{04FFF5AD-3C11-4275-9E25-F60BEFDA45E6}.Debug|Any CPU.Build.0 = Debug|Any CPU
		{04FFF5AD-3C11-4275-9E25-F60BEFDA45E6}.Debug|x64.ActiveCfg = Debug|Any CPU
		{04FFF5AD-3C11-4275-9E25-F60BEFDA45E6}.Debug|x64.Build.0 = Debug|Any CPU
		{04FFF5AD-3C11-4275-9E25-F60BEFDA45E6}.Debug|x86.ActiveCfg = Debug|Any CPU
		{04FFF5AD-3C11-4275-9E25-F60BEFDA45E6}.Debug|x86.Build.0 = Debug|Any CPU
		{04FFF5AD-3C11-4275-9E25-F60BEFDA45E6}.Release|Any CPU.ActiveCfg = Release|Any CPU
		{04FFF5AD-3C11-4275-9E25-F60BEFDA45E6}.Release|Any CPU.Build.0 = Release|Any CPU
		{04FFF5AD-3C11-4275-9E25-F60BEFDA45E6}.Release|x64.ActiveCfg = Release|Any CPU
		{04FFF5AD-3C11-4275-9E25-F60BEFDA45E6}.Release|x64.Build.0 = Release|Any CPU
		{04FFF5AD-3C11-4275-9E25-F60BEFDA45E6}.Release|x86.ActiveCfg = Release|Any CPU
		{04FFF5AD-3C11-4275-9E25-F60BEFDA45E6}.Release|x86.Build.0 = Release|Any CPU
		{07DCA3E6-1E3F-466A-B730-E1B6082B745D}.Debug|Any CPU.ActiveCfg = Debug|Any CPU
		{07DCA3E6-1E3F-466A-B730-E1B6082B745D}.Debug|Any CPU.Build.0 = Debug|Any CPU
		{07DCA3E6-1E3F-466A-B730-E1B6082B745D}.Debug|x64.ActiveCfg = Debug|Any CPU
		{07DCA3E6-1E3F-466A-B730-E1B6082B745D}.Debug|x64.Build.0 = Debug|Any CPU
		{07DCA3E6-1E3F-466A-B730-E1B6082B745D}.Debug|x86.ActiveCfg = Debug|Any CPU
		{07DCA3E6-1E3F-466A-B730-E1B6082B745D}.Debug|x86.Build.0 = Debug|Any CPU
		{07DCA3E6-1E3F-466A-B730-E1B6082B745D}.Release|Any CPU.ActiveCfg = Release|Any CPU
		{07DCA3E6-1E3F-466A-B730-E1B6082B745D}.Release|Any CPU.Build.0 = Release|Any CPU
		{07DCA3E6-1E3F-466A-B730-E1B6082B745D}.Release|x64.ActiveCfg = Release|Any CPU
		{07DCA3E6-1E3F-466A-B730-E1B6082B745D}.Release|x64.Build.0 = Release|Any CPU
		{07DCA3E6-1E3F-466A-B730-E1B6082B745D}.Release|x86.ActiveCfg = Release|Any CPU
		{07DCA3E6-1E3F-466A-B730-E1B6082B745D}.Release|x86.Build.0 = Release|Any CPU
	EndGlobalSection
	GlobalSection(SolutionProperties) = preSolution
		HideSolutionNode = FALSE
	EndGlobalSection
	GlobalSection(NestedProjects) = preSolution
		{27EFD619-B00B-48AD-B8B4-8E314799F190} = {827E0CD3-B72D-47B6-A68D-7590B98EB39B}
		{8309B1C0-24A4-4515-A8C4-633A4C34322D} = {827E0CD3-B72D-47B6-A68D-7590B98EB39B}
		{A580F020-8543-4063-8E3A-180FC8C27705} = {827E0CD3-B72D-47B6-A68D-7590B98EB39B}
		{3CBE3BFB-84A5-4A2F-BB74-B183EBE76D45} = {827E0CD3-B72D-47B6-A68D-7590B98EB39B}
		{194B60C4-B351-4303-8A5B-EDD26F8394D9} = {827E0CD3-B72D-47B6-A68D-7590B98EB39B}
		{F1A5ED81-51FE-4EA4-BE36-A4653DA6D4BD} = {827E0CD3-B72D-47B6-A68D-7590B98EB39B}
		{BABD672A-F7D4-48E0-B5C7-50AA2CD3CE13} = {827E0CD3-B72D-47B6-A68D-7590B98EB39B}
		{6B747227-3A3C-4F4D-BFD6-E6A15788B2DB} = {07C2787E-EAC7-C090-1BA3-A61EC2A24D84}
		{85D65CFF-5561-4424-8CCC-5D1EAD57E03D} = {0AB3BF05-4346-4AA6-1389-037BE0695223}
		{36973E20-A25F-46EE-B59B-478F4499495F} = {0AB3BF05-4346-4AA6-1389-037BE0695223}
		{FECBB4C7-D1CD-433B-961C-3FBE292DE7D4} = {0AB3BF05-4346-4AA6-1389-037BE0695223}
		{F4F32E04-DF73-482E-AF40-2028306256E0} = {0AB3BF05-4346-4AA6-1389-037BE0695223}
		{010C0366-ABC8-43D0-A452-187922F31181} = {0AB3BF05-4346-4AA6-1389-037BE0695223}
		{04FFF5AD-3C11-4275-9E25-F60BEFDA45E6} = {0AB3BF05-4346-4AA6-1389-037BE0695223}
		{07DCA3E6-1E3F-466A-B730-E1B6082B745D} = {0AB3BF05-4346-4AA6-1389-037BE0695223}
	EndGlobalSection
EndGlobal
